
Microsoft Visual Studio Solution File, Format Version 12.00
# Visual Studio Version 16
VisualStudioVersion = 16.0.30907.101
MinimumVisualStudioVersion = 10.0.40219.1
Project("{9A19103F-16F7-4668-BE54-9A1E7A4F7556}") = "Examples", "Examples\Examples.csproj", "{E3343659-F4A5-41BC-AF5E-3F1475BAAC5D}"
EndProject
Project("{9A19103F-16F7-4668-BE54-9A1E7A4F7556}") = "ExamplesLibrary", "ExamplesLibrary\ExamplesLibrary.csproj", "{6FCD0A41-9201-418E-80C2-ED6A18DFABBE}"
EndProject
Global
	GlobalSection(SolutionConfigurationPlatforms) = preSolution
		Debug|Any CPU = Debug|Any CPU
		Release|Any CPU = Release|Any CPU
	EndGlobalSection
	GlobalSection(ProjectConfigurationPlatforms) = postSolution
		{E3343659-F4A5-41BC-AF5E-3F1475BAAC5D}.Debug|Any CPU.ActiveCfg = Debug|Any CPU
		{E3343659-F4A5-41BC-AF5E-3F1475BAAC5D}.Debug|Any CPU.Build.0 = Debug|Any CPU
		{E3343659-F4A5-41BC-AF5E-3F1475BAAC5D}.Release|Any CPU.ActiveCfg = Release|Any CPU
		{E3343659-F4A5-41BC-AF5E-3F1475BAAC5D}.Release|Any CPU.Build.0 = Release|Any CPU
		{6FCD0A41-9201-418E-80C2-ED6A18DFABBE}.Debug|Any CPU.ActiveCfg = Debug|Any CPU
		{6FCD0A41-9201-418E-80C2-ED6A18DFABBE}.Debug|Any CPU.Build.0 = Debug|Any CPU
		{6FCD0A41-9201-418E-80C2-ED6A18DFABBE}.Release|Any CPU.ActiveCfg = Release|Any CPU
		{6FCD0A41-9201-418E-80C2-ED6A18DFABBE}.Release|Any CPU.Build.0 = Release|Any CPU
	EndGlobalSection
	GlobalSection(SolutionProperties) = preSolution
		HideSolutionNode = FALSE
	EndGlobalSection
	GlobalSection(ExtensibilityGlobals) = postSolution
		SolutionGuid = {BC3FBE71-D64B-4972-8A4D-A1B6924B15FE}
	EndGlobalSection
EndGlobal
